
Microsoft Visual Studio Solution File, Format Version 12.00
# Visual Studio 2012
Project("{F2A71F9B-5D33-465A-A702-920D77279786}") = "learn.fsharp", "learn.fsharp\learn.fsharp.fsproj", "{53DE4AD1-572E-437E-B983-B9C5E2755D3D}"
EndProject
Global
	GlobalSection(SolutionConfigurationPlatforms) = preSolution
		Debug|Any CPU = Debug|Any CPU
		Release|Any CPU = Release|Any CPU
	EndGlobalSection
	GlobalSection(ProjectConfigurationPlatforms) = postSolution
		{53DE4AD1-572E-437E-B983-B9C5E2755D3D}.Debug|Any CPU.ActiveCfg = Debug|Any CPU
		{53DE4AD1-572E-437E-B983-B9C5E2755D3D}.Debug|Any CPU.Build.0 = Debug|Any CPU
		{53DE4AD1-572E-437E-B983-B9C5E2755D3D}.Release|Any CPU.ActiveCfg = Release|Any CPU
		{53DE4AD1-572E-437E-B983-B9C5E2755D3D}.Release|Any CPU.Build.0 = Release|Any CPU
	EndGlobalSection
	GlobalSection(SolutionProperties) = preSolution
		HideSolutionNode = FALSE
	EndGlobalSection
EndGlobal
